
Microsoft Visual Studio Solution File, Format Version 12.00
# Visual Studio Version 17
VisualStudioVersion = 17.8.34309.116
MinimumVisualStudioVersion = 10.0.40219.1
Project("{9A19103F-16F7-4668-BE54-9A1E7A4F7556}") = "WebApi", "WebApi\WebApi.csproj", "{B92925C8-3341-424F-80CB-1FF4C36FE34D}"
EndProject
Project("{9A19103F-16F7-4668-BE54-9A1E7A4F7556}") = "Application", "Application\Application.csproj", "{3E5E493A-2C2A-4F1E-B701-EE07122A70D0}"
EndProject
Project("{9A19103F-16F7-4668-BE54-9A1E7A4F7556}") = "Domain", "Domain\Domain.csproj", "{164191ED-1D48-4E12-A3A3-7171300799DC}"
EndProject
Project("{FAE04EC0-301F-11D3-BF4B-00C04F79EFBC}") = "UnitTests", "UnitTests\UnitTests.csproj", "{B34AB1A5-170E-4BE5-BB26-5B8722966CB5}"
EndProject
Project("{2150E333-8FDC-42A3-9474-1A3956D46DE8}") = "src", "src", "{BA5FDBF3-9ECD-4A54-B915-A8B6D1B56899}"
EndProject
Project("{2150E333-8FDC-42A3-9474-1A3956D46DE8}") = "tests", "tests", "{4C5FC191-74FE-4335-A01F-A644DA2FE6C1}"
EndProject
Global
	GlobalSection(SolutionConfigurationPlatforms) = preSolution
		Debug|Any CPU = Debug|Any CPU
		Release|Any CPU = Release|Any CPU
	EndGlobalSection
	GlobalSection(ProjectConfigurationPlatforms) = postSolution
		{B92925C8-3341-424F-80CB-1FF4C36FE34D}.Debug|Any CPU.ActiveCfg = Debug|Any CPU
		{B92925C8-3341-424F-80CB-1FF4C36FE34D}.Debug|Any CPU.Build.0 = Debug|Any CPU
		{B92925C8-3341-424F-80CB-1FF4C36FE34D}.Release|Any CPU.ActiveCfg = Release|Any CPU
		{B92925C8-3341-424F-80CB-1FF4C36FE34D}.Release|Any CPU.Build.0 = Release|Any CPU
		{3E5E493A-2C2A-4F1E-B701-EE07122A70D0}.Debug|Any CPU.ActiveCfg = Debug|Any CPU
		{3E5E493A-2C2A-4F1E-B701-EE07122A70D0}.Debug|Any CPU.Build.0 = Debug|Any CPU
		{3E5E493A-2C2A-4F1E-B701-EE07122A70D0}.Release|Any CPU.ActiveCfg = Release|Any CPU
		{3E5E493A-2C2A-4F1E-B701-EE07122A70D0}.Release|Any CPU.Build.0 = Release|Any CPU
		{164191ED-1D48-4E12-A3A3-7171300799DC}.Debug|Any CPU.ActiveCfg = Debug|Any CPU
		{164191ED-1D48-4E12-A3A3-7171300799DC}.Debug|Any CPU.Build.0 = Debug|Any CPU
		{164191ED-1D48-4E12-A3A3-7171300799DC}.Release|Any CPU.ActiveCfg = Release|Any CPU
		{164191ED-1D48-4E12-A3A3-7171300799DC}.Release|Any CPU.Build.0 = Release|Any CPU
		{B34AB1A5-170E-4BE5-BB26-5B8722966CB5}.Debug|Any CPU.ActiveCfg = Debug|Any CPU
		{B34AB1A5-170E-4BE5-BB26-5B8722966CB5}.Debug|Any CPU.Build.0 = Debug|Any CPU
		{B34AB1A5-170E-4BE5-BB26-5B8722966CB5}.Release|Any CPU.ActiveCfg = Release|Any CPU
		{B34AB1A5-170E-4BE5-BB26-5B8722966CB5}.Release|Any CPU.Build.0 = Release|Any CPU
	EndGlobalSection
	GlobalSection(SolutionProperties) = preSolution
		HideSolutionNode = FALSE
	EndGlobalSection
	GlobalSection(NestedProjects) = preSolution
		{B92925C8-3341-424F-80CB-1FF4C36FE34D} = {BA5FDBF3-9ECD-4A54-B915-A8B6D1B56899}
		{3E5E493A-2C2A-4F1E-B701-EE07122A70D0} = {BA5FDBF3-9ECD-4A54-B915-A8B6D1B56899}
		{164191ED-1D48-4E12-A3A3-7171300799DC} = {BA5FDBF3-9ECD-4A54-B915-A8B6D1B56899}
		{B34AB1A5-170E-4BE5-BB26-5B8722966CB5} = {4C5FC191-74FE-4335-A01F-A644DA2FE6C1}
	EndGlobalSection
	GlobalSection(ExtensibilityGlobals) = postSolution
		SolutionGuid = {E2C62B52-5647-4D14-B576-68B5F99BB93E}
	EndGlobalSection
EndGlobal
